# This file is automatically @generated by Cargo.
# It is not intended for manual editing.
version = 4

[[package]]
name = "lotta"
version = "0.1.0"

[[package]]
name = "lotta-app-server"
version = "0.1.0"

[[package]]
name = "lotta-channels"
version = "0.1.0"

[[package]]
name = "lotta-config"
version = "0.1.0"

[[package]]
name = "lotta-domain"
version = "0.1.0"

[[package]]
name = "lotta-extensions"
version = "0.1.0"

[[package]]
name = "lotta-memfs"
version = "0.1.0"

[[package]]
name = "lotta-protocol"
version = "0.1.0"

[[package]]
name = "lotta-providers"
version = "0.1.0"

[[package]]
name = "lotta-runtime"
version = "0.1.0"

[[package]]
name = "lotta-store"
version = "0.1.0"

[[package]]
name = "lotta-telemetry"
version = "0.1.0"

[[package]]
name = "lotta-testkit"
version = "0.1.0"

[[package]]
name = "lotta-tools"
version = "0.1.0"
